Microsoft Visual Studio Solution File, Format Version 11.00
# Visual Studio 2008

Project("{073FA73F-3438-0483-9B79-4E804874E94A}") = "MoonBounce", "Assembly-CSharp-firstpass-vs.csproj", "{AA50619D-856B-2D3A-6CE4-6FE9E2ACC498}"
EndProject
Project("{073FA73F-3438-0483-9B79-4E804874E94A}") = "MoonBounce", "Assembly-CSharp-vs.csproj", "{72204776-2B51-99AC-C579-A6D5AD758F9B}"
EndProject
Global
	GlobalSection(SolutionConfigurationPlatforms) = preSolution
		Debug|Any CPU = Debug|Any CPU
		Release|Any CPU = Release|Any CPU
	EndGlobalSection
	GlobalSection(ProjectConfigurationPlatforms) = postSolution
		{AA50619D-856B-2D3A-6CE4-6FE9E2ACC498}.Debug|Any CPU.ActiveCfg = Debug|Any CPU
		{AA50619D-856B-2D3A-6CE4-6FE9E2ACC498}.Debug|Any CPU.Build.0 = Debug|Any CPU
		{AA50619D-856B-2D3A-6CE4-6FE9E2ACC498}.Release|Any CPU.ActiveCfg = Release|Any CPU
		{AA50619D-856B-2D3A-6CE4-6FE9E2ACC498}.Release|Any CPU.Build.0 = Release|Any CPU
		{72204776-2B51-99AC-C579-A6D5AD758F9B}.Debug|Any CPU.ActiveCfg = Debug|Any CPU
		{72204776-2B51-99AC-C579-A6D5AD758F9B}.Debug|Any CPU.Build.0 = Debug|Any CPU
		{72204776-2B51-99AC-C579-A6D5AD758F9B}.Release|Any CPU.ActiveCfg = Release|Any CPU
		{72204776-2B51-99AC-C579-A6D5AD758F9B}.Release|Any CPU.Build.0 = Release|Any CPU
	EndGlobalSection
	GlobalSection(SolutionProperties) = preSolution
		HideSolutionNode = FALSE
	EndGlobalSection
																	GlobalSection(MonoDevelopProperties) = preSolution
		StartupItem = Assembly-CSharp.csproj
		Policies = $0
		$0.TextStylePolicy = $1
		$1.FileWidth = 120
		$1.RemoveTrailingWhitespace = True
		$1.EolMarker = Unix
		$1.inheritsSet = VisualStudio
		$1.inheritsScope = text/plain
		$1.scope = text/x-csharp
		$0.CSharpFormattingPolicy = $2
		$2.inheritsSet = Mono
		$2.inheritsScope = text/x-csharp
		$2.scope = text/x-csharp
		$0.TextStylePolicy = $3
		$3.FileWidth = 120
		$3.TabWidth = 4
		$3.EolMarker = Unix
		$3.inheritsSet = Mono
		$3.inheritsScope = text/plain
		$3.scope = text/plain
	EndGlobalSection

EndGlobal
